
Microsoft Visual Studio Solution File, Format Version 12.00
# Visual Studio Version 17
VisualStudioVersion = 17.8.34330.188
MinimumVisualStudioVersion = 10.0.40219.1
Project("{9A19103F-16F7-4668-BE54-9A1E7A4F7556}") = "BlazingTrails.Client", "BlazingTrails.Client\BlazingTrails.Client.csproj", "{282C466C-7549-432F-9145-605593378174}"
EndProject
Project("{FAE04EC0-301F-11D3-BF4B-00C04F79EFBC}") = "BlazingTrails.Shared", "BlazingTrails.Shared\BlazingTrails.Shared.csproj", "{3A34C7C7-7E94-4FE9-A686-6B48562457DB}"
EndProject
Project("{FAE04EC0-301F-11D3-BF4B-00C04F79EFBC}") = "BlazingTrails.Api", "BlazingTrails.Api\BlazingTrails.Api.csproj", "{B9D9F7A2-1129-4EF5-B14A-FF15A2AB063C}"
EndProject
Global
	GlobalSection(SolutionConfigurationPlatforms) = preSolution
		Debug|Any CPU = Debug|Any CPU
		Release|Any CPU = Release|Any CPU
	EndGlobalSection
	GlobalSection(ProjectConfigurationPlatforms) = postSolution
		{282C466C-7549-432F-9145-605593378174}.Debug|Any CPU.ActiveCfg = Debug|Any CPU
		{282C466C-7549-432F-9145-605593378174}.Debug|Any CPU.Build.0 = Debug|Any CPU
		{282C466C-7549-432F-9145-605593378174}.Release|Any CPU.ActiveCfg = Release|Any CPU
		{282C466C-7549-432F-9145-605593378174}.Release|Any CPU.Build.0 = Release|Any CPU
		{3A34C7C7-7E94-4FE9-A686-6B48562457DB}.Debug|Any CPU.ActiveCfg = Debug|Any CPU
		{3A34C7C7-7E94-4FE9-A686-6B48562457DB}.Debug|Any CPU.Build.0 = Debug|Any CPU
		{3A34C7C7-7E94-4FE9-A686-6B48562457DB}.Release|Any CPU.ActiveCfg = Release|Any CPU
		{3A34C7C7-7E94-4FE9-A686-6B48562457DB}.Release|Any CPU.Build.0 = Release|Any CPU
		{B9D9F7A2-1129-4EF5-B14A-FF15A2AB063C}.Debug|Any CPU.ActiveCfg = Debug|Any CPU
		{B9D9F7A2-1129-4EF5-B14A-FF15A2AB063C}.Debug|Any CPU.Build.0 = Debug|Any CPU
		{B9D9F7A2-1129-4EF5-B14A-FF15A2AB063C}.Release|Any CPU.ActiveCfg = Release|Any CPU
		{B9D9F7A2-1129-4EF5-B14A-FF15A2AB063C}.Release|Any CPU.Build.0 = Release|Any CPU
	EndGlobalSection
	GlobalSection(SolutionProperties) = preSolution
		HideSolutionNode = FALSE
	EndGlobalSection
	GlobalSection(ExtensibilityGlobals) = postSolution
		SolutionGuid = {279F8C8A-8247-4CA8-B6A0-01E57056961F}
	EndGlobalSection
EndGlobal
